
Microsoft Visual Studio Solution File, Format Version 12.00
# Visual Studio Version 16
VisualStudioVersion = 16.0.31515.178
MinimumVisualStudioVersion = 10.0.40219.1
Project("{FAE04EC0-301F-11D3-BF4B-00C04F79EFBC}") = "HorrorHouse", "HorrorHouse\HorrorHouse.csproj", "{15CA945B-2E02-4F14-8CD2-E2FC187A5A25}"
EndProject
Global
	GlobalSection(SolutionConfigurationPlatforms) = preSolution
		Debug|Any CPU = Debug|Any CPU
		Release|Any CPU = Release|Any CPU
	EndGlobalSection
	GlobalSection(ProjectConfigurationPlatforms) = postSolution
		{15CA945B-2E02-4F14-8CD2-E2FC187A5A25}.Debug|Any CPU.ActiveCfg = Release|x86
		{15CA945B-2E02-4F14-8CD2-E2FC187A5A25}.Debug|Any CPU.Build.0 = Release|x86
		{15CA945B-2E02-4F14-8CD2-E2FC187A5A25}.Release|Any CPU.ActiveCfg = Release|Any CPU
		{15CA945B-2E02-4F14-8CD2-E2FC187A5A25}.Release|Any CPU.Build.0 = Release|Any CPU
	EndGlobalSection
	GlobalSection(SolutionProperties) = preSolution
		HideSolutionNode = FALSE
	EndGlobalSection
	GlobalSection(ExtensibilityGlobals) = postSolution
		SolutionGuid = {EF6ADF6E-DC6C-4C2F-856C-5EC44A0AD78F}
	EndGlobalSection
EndGlobal
